
Microsoft Visual Studio Solution File, Format Version 12.00
# Visual Studio Version 16
VisualStudioVersion = 16.0.32802.440
MinimumVisualStudioVersion = 10.0.40219.1
Project("{FAE04EC0-301F-11D3-BF4B-00C04F79EFBC}") = "bloodBank", "bloodBank.csproj", "{7FBBEF41-59C5-484C-98A1-29D67741A84C}"
EndProject
Global
	GlobalSection(SolutionConfigurationPlatforms) = preSolution
		Debug|Any CPU = Debug|Any CPU
		Release|Any CPU = Release|Any CPU
	EndGlobalSection
	GlobalSection(ProjectConfigurationPlatforms) = postSolution
		{7FBBEF41-59C5-484C-98A1-29D67741A84C}.Debug|Any CPU.ActiveCfg = Debug|Any CPU
		{7FBBEF41-59C5-484C-98A1-29D67741A84C}.Debug|Any CPU.Build.0 = Debug|Any CPU
		{7FBBEF41-59C5-484C-98A1-29D67741A84C}.Release|Any CPU.ActiveCfg = Release|Any CPU
		{7FBBEF41-59C5-484C-98A1-29D67741A84C}.Release|Any CPU.Build.0 = Release|Any CPU
	EndGlobalSection
	GlobalSection(SolutionProperties) = preSolution
		HideSolutionNode = FALSE
	EndGlobalSection
	GlobalSection(ExtensibilityGlobals) = postSolution
		SolutionGuid = {934E477B-D754-442E-A498-A2866C223733}
	EndGlobalSection
EndGlobal
